// !$*UTF8*$!
{
	archiveVersion = 1;
	classes = {
	};
	objectVersion = 48;
	objects = {

/* Begin PBXBuildFile section */
		10CFCD861921FF5081ACB167 /* libPods-A_Category.a in Frameworks */ = {isa = PBXBuildFile; fileRef = 13951B57661EB4933BBC872A /* libPods-A_Category.a */; };
		7FEB44271FDE233B00A4EC43 /* AppDelegate.m in Sources */ = {isa = PBXBuildFile; fileRef = 7FEB44261FDE233B00A4EC43 /* AppDelegate.m */; };
		7FEB442A1FDE233B00A4EC43 /* ViewController.m in Sources */ = {isa = PBXBuildFile; fileRef = 7FEB44291FDE233B00A4EC43 /* ViewController.m */; };
		7FEB442D1FDE233B00A4EC43 /* Main.storyboard in Resources */ = {isa = PBXBuildFile; fileRef = 7FEB442B1FDE233B00A4EC43 /* Main.storyboard */; };
		7FEB442F1FDE233B00A4EC43 /* Assets.xcassets in Resources */ = {isa = PBXBuildFile; fileRef = 7FEB442E1FDE233B00A4EC43 /* Assets.xcassets */; };
		7FEB44321FDE233B00A4EC43 /* LaunchScreen.storyboard in Resources */ = {isa = PBXBuildFile; fileRef = 7FEB44301FDE233B00A4EC43 /* LaunchScreen.storyboard */; };
		7FEB44351FDE233B00A4EC43 /* main.m in Sources */ = {isa = PBXBuildFile; fileRef = 7FEB44341FDE233B00A4EC43 /* main.m */; };
		7FEB443E1FDE57D200A4EC43 /* CTMediator+A.m in Sources */ = {isa = PBXBuildFile; fileRef = 7FEB443D1FDE57D200A4EC43 /* CTMediator+A.m */; };
/* End PBXBuildFile section */

/* Begin PBXFileReference section */
		13951B57661EB4933BBC872A /* libPods-A_Category.a */ = {isa = PBXFileReference; explicitFileType = archive.ar; includeInIndex = 0; path = "libPods-A_Category.a"; sourceTree = BUILT_PRODUCTS_DIR; };
		7FEB44221FDE233B00A4EC43 /* A_Category.app */ = {isa = PBXFileReference; explicitFileType = wrapper.application; includeInIndex = 0; path = A_Category.app; sourceTree = BUILT_PRODUCTS_DIR; };
		7FEB44251FDE233B00A4EC43 /* AppDelegate.h */ = {isa = PBXFileReference; lastKnownFileType = sourcecode.c.h; path = AppDelegate.h; sourceTree = "<group>"; };
		7FEB44261FDE233B00A4EC43 /* AppDelegate.m */ = {isa = PBXFileReference; lastKnownFileType = sourcecode.c.objc; path = AppDelegate.m; sourceTree = "<group>"; };
		7FEB44281FDE233B00A4EC43 /* ViewController.h */ = {isa = PBXFileReference; lastKnownFileType = sourcecode.c.h; path = ViewController.h; sourceTree = "<group>"; };
		7FEB44291FDE233B00A4EC43 /* ViewController.m */ = {isa = PBXFileReference; lastKnownFileType = sourcecode.c.objc; path = ViewController.m; sourceTree = "<group>"; };
		7FEB442C1FDE233B00A4EC43 /* Base */ = {isa = PBXFileReference; lastKnownFileType = file.storyboard; name = Base; path = Base.lproj/Main.storyboard; sourceTree = "<group>"; };
		7FEB442E1FDE233B00A4EC43 /* Assets.xcassets */ = {isa = PBXFileReference; lastKnownFileType = folder.assetcatalog; path = Assets.xcassets; sourceTree = "<group>"; };
		7FEB44311FDE233B00A4EC43 /* Base */ = {isa = PBXFileReference; lastKnownFileType = file.storyboard; name = Base; path = Base.lproj/LaunchScreen.storyboard; sourceTree = "<group>"; };
		7FEB44331FDE233B00A4EC43 /* Info.plist */ = {isa = PBXFileReference; lastKnownFileType = text.plist.xml; path = Info.plist; sourceTree = "<group>"; };
		7FEB44341FDE233B00A4EC43 /* main.m */ = {isa = PBXFileReference; lastKnownFileType = sourcecode.c.objc; path = main.m; sourceTree = "<group>"; };
		7FEB443C1FDE57D200A4EC43 /* CTMediator+A.h */ = {isa = PBXFileReference; lastKnownFileType = sourcecode.c.h; path = "CTMediator+A.h"; sourceTree = "<group>"; };
		7FEB443D1FDE57D200A4EC43 /* CTMediator+A.m */ = {isa = PBXFileReference; lastKnownFileType = sourcecode.c.objc; path = "CTMediator+A.m"; sourceTree = "<group>"; };
		80823ED30D59C0AFD82ACD0D /* Pods-A_Category.debug.xcconfig */ = {isa = PBXFileReference; includeInIndex = 1; lastKnownFileType = text.xcconfig; name = "Pods-A_Category.debug.xcconfig"; path = "Pods/Target Support Files/Pods-A_Category/Pods-A_Category.debug.xcconfig"; sourceTree = "<group>"; };
		AC3F7977239179FD246CADC6 /* Pods-A_Category.release.xcconfig */ = {isa = PBXFileReference; includeInIndex = 1; lastKnownFileType = text.xcconfig; name = "Pods-A_Category.release.xcconfig"; path = "Pods/Target Support Files/Pods-A_Category/Pods-A_Category.release.xcconfig"; sourceTree = "<group>"; };
/* End PBXFileReference section */

/* Begin PBXFrameworksBuildPhase section */
		7FEB441F1FDE233B00A4EC43 /* Frameworks */ = {
			isa = PBXFrameworksBuildPhase;
			buildActionMask = 2147483647;
			files = (
				10CFCD861921FF5081ACB167 /* libPods-A_Category.a in Frameworks */,
			);
			runOnlyForDeploymentPostprocessing = 0;
		};
/* End PBXFrameworksBuildPhase section */

/* Begin PBXGroup section */
		46739493ACA71FF307CFB782 /* Frameworks */ = {
			isa = PBXGroup;
			children = (
				13951B57661EB4933BBC872A /* libPods-A_Category.a */,
			);
			name = Frameworks;
			sourceTree = "<group>";
		};
		7FEB44191FDE233B00A4EC43 = {
			isa = PBXGroup;
			children = (
				7FEB44241FDE233B00A4EC43 /* A_Category */,
				7FEB44231FDE233B00A4EC43 /* Products */,
				A0CFF449472328BE3A049CC6 /* Pods */,
				46739493ACA71FF307CFB782 /* Frameworks */,
			);
			sourceTree = "<group>";
		};
		7FEB44231FDE233B00A4EC43 /* Products */ = {
			isa = PBXGroup;
			children = (
				7FEB44221FDE233B00A4EC43 /* A_Category.app */,
			);
			name = Products;
			sourceTree = "<group>";
		};
		7FEB44241FDE233B00A4EC43 /* A_Category */ = {
			isa = PBXGroup;
			children = (
				7FEB44251FDE233B00A4EC43 /* AppDelegate.h */,
				7FEB44261FDE233B00A4EC43 /* AppDelegate.m */,
				7FEB44281FDE233B00A4EC43 /* ViewController.h */,
				7FEB44291FDE233B00A4EC43 /* ViewController.m */,
				7FEB443B1FDE576F00A4EC43 /* A_Category */,
				7FEB442B1FDE233B00A4EC43 /* Main.storyboard */,
				7FEB442E1FDE233B00A4EC43 /* Assets.xcassets */,
				7FEB44301FDE233B00A4EC43 /* LaunchScreen.storyboard */,
				7FEB44331FDE233B00A4EC43 /* Info.plist */,
				7FEB44341FDE233B00A4EC43 /* main.m */,
			);
			path = A_Category;
			sourceTree = "<group>";
		};
		7FEB443B1FDE576F00A4EC43 /* A_Category */ = {
			isa = PBXGroup;
			children = (
				7FEB443C1FDE57D200A4EC43 /* CTMediator+A.h */,
				7FEB443D1FDE57D200A4EC43 /* CTMediator+A.m */,
			);
			path = A_Category;
			sourceTree = "<group>";
		};
		A0CFF449472328BE3A049CC6 /* Pods */ = {
			isa = PBXGroup;
			children = (
				80823ED30D59C0AFD82ACD0D /* Pods-A_Category.debug.xcconfig */,
				AC3F7977239179FD246CADC6 /* Pods-A_Category.release.xcconfig */,
			);
			name = Pods;
			sourceTree = "<group>";
		};
/* End PBXGroup section */

/* Begin PBXNativeTarget section */
		7FEB44211FDE233B00A4EC43 /* A_Category */ = {
			isa = PBXNativeTarget;
			buildConfigurationList = 7FEB44381FDE233B00A4EC43 /* Build configuration list for PBXNativeTarget "A_Category" */;
			buildPhases = (
				42861B2819E7744CB8F0852D /* [CP] Check Pods Manifest.lock */,
				7FEB441E1FDE233B00A4EC43 /* Sources */,
				7FEB441F1FDE233B00A4EC43 /* Frameworks */,
				7FEB44201FDE233B00A4EC43 /* Resources */,
				42CE680EAFBF293EF210BB8D /* [CP] Embed Pods Frameworks */,
				9016F51BC9FBE62B0C7EF864 /* [CP] Copy Pods Resources */,
			);
			buildRules = (
			);
			dependencies = (
			);
			name = A_Category;
			productName = A_Category;
			productReference = 7FEB44221FDE233B00A4EC43 /* A_Category.app */;
			productType = "com.apple.product-type.application";
		};
/* End PBXNativeTarget section */

/* Begin PBXProject section */
		7FEB441A1FDE233B00A4EC43 /* Project object */ = {
			isa = PBXProject;
			attributes = {
				LastUpgradeCheck = 0910;
				ORGANIZATIONNAME = yixiaojichunqiu;
				TargetAttributes = {
					7FEB44211FDE233B00A4EC43 = {
						CreatedOnToolsVersion = 9.1;
						ProvisioningStyle = Automatic;
					};
				};
			};
			buildConfigurationList = 7FEB441D1FDE233B00A4EC43 /* Build configuration list for PBXProject "A_Category" */;
			compatibilityVersion = "Xcode 8.0";
			developmentRegion = en;
			hasScannedForEncodings = 0;
			knownRegions = (
				en,
				Base,
			);
			mainGroup = 7FEB44191FDE233B00A4EC43;
			productRefGroup = 7FEB44231FDE233B00A4EC43 /* Products */;
			projectDirPath = "";
			projectRoot = "";
			targets = (
				7FEB44211FDE233B00A4EC43 /* A_Category */,
			);
		};
/* End PBXProject section */

/* Begin PBXResourcesBuildPhase section */
		7FEB44201FDE233B00A4EC43 /* Resources */ = {
			isa = PBXResourcesBuildPhase;
			buildActionMask = 2147483647;
			files = (
				7FEB44321FDE233B00A4EC43 /* LaunchScreen.storyboard in Resources */,
				7FEB442F1FDE233B00A4EC43 /* Assets.xcassets in Resources */,
				7FEB442D1FDE233B00A4EC43 /* Main.storyboard in Resources */,
			);
			runOnlyForDeploymentPostprocessing = 0;
		};
/* End PBXResourcesBuildPhase section */

/* Begin PBXShellScriptBuildPhase section */
		42861B2819E7744CB8F0852D /* [CP] Check Pods Manifest.lock */ = {
			isa = PBXShellScriptBuildPhase;
			buildActionMask = 2147483647;
			files = (
			);
			inputPaths = (
			);
			name = "[CP] Check Pods Manifest.lock";
			outputPaths = (
			);
			runOnlyForDeploymentPostprocessing = 0;
			shellPath = /bin/sh;
			shellScript = "diff \"${PODS_ROOT}/../Podfile.lock\" \"${PODS_ROOT}/Manifest.lock\" > /dev/null\nif [ $? != 0 ] ; then\n    # print error to STDERR\n    echo \"error: The sandbox is not in sync with the Podfile.lock. Run 'pod install' or update your CocoaPods installation.\" >&2\n    exit 1\nfi\n";
			showEnvVarsInLog = 0;
		};
		42CE680EAFBF293EF210BB8D /* [CP] Embed Pods Frameworks */ = {
			isa = PBXShellScriptBuildPhase;
			buildActionMask = 2147483647;
			files = (
			);
			inputPaths = (
			);
			name = "[CP] Embed Pods Frameworks";
			outputPaths = (
			);
			runOnlyForDeploymentPostprocessing = 0;
			shellPath = /bin/sh;
			shellScript = "\"${SRCROOT}/Pods/Target Support Files/Pods-A_Category/Pods-A_Category-frameworks.sh\"\n";
			showEnvVarsInLog = 0;
		};
		9016F51BC9FBE62B0C7EF864 /* [CP] Copy Pods Resources */ = {
			isa = PBXShellScriptBuildPhase;
			buildActionMask = 2147483647;
			files = (
			);
			inputPaths = (
			);
			name = "[CP] Copy Pods Resources";
			outputPaths = (
			);
			runOnlyForDeploymentPostprocessing = 0;
			shellPath = /bin/sh;
			shellScript = "\"${SRCROOT}/Pods/Target Support Files/Pods-A_Category/Pods-A_Category-resources.sh\"\n";
			showEnvVarsInLog = 0;
		};
/* End PBXShellScriptBuildPhase section */

/* Begin PBXSourcesBuildPhase section */
		7FEB441E1FDE233B00A4EC43 /* Sources */ = {
			isa = PBXSourcesBuildPhase;
			buildActionMask = 2147483647;
			files = (
				7FEB442A1FDE233B00A4EC43 /* ViewController.m in Sources */,
				7FEB443E1FDE57D200A4EC43 /* CTMediator+A.m in Sources */,
				7FEB44351FDE233B00A4EC43 /* main.m in Sources */,
				7FEB44271FDE233B00A4EC43 /* AppDelegate.m in Sources */,
			);
			runOnlyForDeploymentPostprocessing = 0;
		};
/* End PBXSourcesBuildPhase section */

/* Begin PBXVariantGroup section */
		7FEB442B1FDE233B00A4EC43 /* Main.storyboard */ = {
			isa = PBXVariantGroup;
			children = (
				7FEB442C1FDE233B00A4EC43 /* Base */,
			);
			name = Main.storyboard;
			sourceTree = "<group>";
		};
		7FEB44301FDE233B00A4EC43 /* LaunchScreen.storyboard */ = {
			isa = PBXVariantGroup;
			children = (
				7FEB44311FDE233B00A4EC43 /* Base */,
			);
			name = LaunchScreen.storyboard;
			sourceTree = "<group>";
		};
/* End PBXVariantGroup section */

/* Begin XCBuildConfiguration section */
		7FEB44361FDE233B00A4EC43 /* Debug */ = {
			isa = XCBuildConfiguration;
			buildSettings = {
				ALWAYS_SEARCH_USER_PATHS = NO;
				CLANG_ANALYZER_NONNULL = YES;
				CLANG_ANALYZER_NUMBER_OBJECT_CONVERSION = YES_AGGRESSIVE;
				CLANG_CXX_LANGUAGE_STANDARD = "gnu++14";
				CLANG_CXX_LIBRARY = "libc++";
				CLANG_ENABLE_MODULES = YES;
				CLANG_ENABLE_OBJC_ARC = YES;
				CLANG_WARN_BLOCK_CAPTURE_AUTORELEASING = YES;
				CLANG_WARN_BOOL_CONVERSION = YES;
				CLANG_WARN_COMMA = YES;
				CLANG_WARN_CONSTANT_CONVERSION = YES;
				CLANG_WARN_DIRECT_OBJC_ISA_USAGE = YES_ERROR;
				CLANG_WARN_DOCUMENTATION_COMMENTS = YES;
				CLANG_WARN_EMPTY_BODY = YES;
				CLANG_WARN_ENUM_CONVERSION = YES;
				CLANG_WARN_INFINITE_RECURSION = YES;
				CLANG_WARN_INT_CONVERSION = YES;
				CLANG_WARN_NON_LITERAL_NULL_CONVERSION = YES;
				CLANG_WARN_OBJC_LITERAL_CONVERSION = YES;
				CLANG_WARN_OBJC_ROOT_CLASS = YES_ERROR;
				CLANG_WARN_RANGE_LOOP_ANALYSIS = YES;
				CLANG_WARN_STRICT_PROTOTYPES = YES;
				CLANG_WARN_SUSPICIOUS_MOVE = YES;
				CLANG_WARN_UNGUARDED_AVAILABILITY = YES_AGGRESSIVE;
				CLANG_WARN_UNREACHABLE_CODE = YES;
				CLANG_WARN__DUPLICATE_METHOD_MATCH = YES;
				CODE_SIGN_IDENTITY = "iPhone Developer";
				COPY_PHASE_STRIP = NO;
				DEBUG_INFORMATION_FORMAT = dwarf;
				ENABLE_STRICT_OBJC_MSGSEND = YES;
				ENABLE_TESTABILITY = YES;
				GCC_C_LANGUAGE_STANDARD = gnu11;
				GCC_DYNAMIC_NO_PIC = NO;
				GCC_NO_COMMON_BLOCKS = YES;
				GCC_OPTIMIZATION_LEVEL = 0;
				GCC_PREPROCESSOR_DEFINITIONS = (
					"DEBUG=1",
					"$(inherited)",
				);
				GCC_WARN_64_TO_32_BIT_CONVERSION = YES;
				GCC_WARN_ABOUT_RETURN_TYPE = YES_ERROR;
				GCC_WARN_UNDECLARED_SELECTOR = YES;
				GCC_WARN_UNINITIALIZED_AUTOS = YES_AGGRESSIVE;
				GCC_WARN_UNUSED_FUNCTION = YES;
				GCC_WARN_UNUSED_VARIABLE = YES;
				IPHONEOS_DEPLOYMENT_TARGET = 11.1;
				MTL_ENABLE_DEBUG_INFO = YES;
				ONLY_ACTIVE_ARCH = YES;
				SDKROOT = iphoneos;
			};
			name = Debug;
		};
		7FEB44371FDE233B00A4EC43 /* Release */ = {
			isa = XCBuildConfiguration;
			buildSettings = {
				ALWAYS_SEARCH_USER_PATHS = NO;
				CLANG_ANALYZER_NONNULL = YES;
				CLANG_ANALYZER_NUMBER_OBJECT_CONVERSION = YES_AGGRESSIVE;
				CLANG_CXX_LANGUAGE_STANDARD = "gnu++14";
				CLANG_CXX_LIBRARY = "libc++";
				CLANG_ENABLE_MODULES = YES;
				CLANG_ENABLE_OBJC_ARC = YES;
				CLANG_WARN_BLOCK_CAPTURE_AUTORELEASING = YES;
				CLANG_WARN_BOOL_CONVERSION = YES;
				CLANG_WARN_COMMA = YES;
				CLANG_WARN_CONSTANT_CONVERSION = YES;
				CLANG_WARN_DIRECT_OBJC_ISA_USAGE = YES_ERROR;
				CLANG_WARN_DOCUMENTATION_COMMENTS = YES;
				CLANG_WARN_EMPTY_BODY = YES;
				CLANG_WARN_ENUM_CONVERSION = YES;
				CLANG_WARN_INFINITE_RECURSION = YES;
				CLANG_WARN_INT_CONVERSION = YES;
				CLANG_WARN_NON_LITERAL_NULL_CONVERSION = YES;
				CLANG_WARN_OBJC_LITERAL_CONVERSION = YES;
				CLANG_WARN_OBJC_ROOT_CLASS = YES_ERROR;
				CLANG_WARN_RANGE_LOOP_ANALYSIS = YES;
				CLANG_WARN_STRICT_PROTOTYPES = YES;
				CLANG_WARN_SUSPICIOUS_MOVE = YES;
				CLANG_WARN_UNGUARDED_AVAILABILITY = YES_AGGRESSIVE;
				CLANG_WARN_UNREACHABLE_CODE = YES;
				CLANG_WARN__DUPLICATE_METHOD_MATCH = YES;
				CODE_SIGN_IDENTITY = "iPhone Developer";
				COPY_PHASE_STRIP = NO;
				DEBUG_INFORMATION_FORMAT = "dwarf-with-dsym";
				ENABLE_NS_ASSERTIONS = NO;
				ENABLE_STRICT_OBJC_MSGSEND = YES;
				GCC_C_LANGUAGE_STANDARD = gnu11;
				GCC_NO_COMMON_BLOCKS = YES;
				GCC_WARN_64_TO_32_BIT_CONVERSION = YES;
				GCC_WARN_ABOUT_RETURN_TYPE = YES_ERROR;
				GCC_WARN_UNDECLARED_SELECTOR = YES;
				GCC_WARN_UNINITIALIZED_AUTOS = YES_AGGRESSIVE;
				GCC_WARN_UNUSED_FUNCTION = YES;
				GCC_WARN_UNUSED_VARIABLE = YES;
				IPHONEOS_DEPLOYMENT_TARGET = 11.1;
				MTL_ENABLE_DEBUG_INFO = NO;
				SDKROOT = iphoneos;
				VALIDATE_PRODUCT = YES;
			};
			name = Release;
		};
		7FEB44391FDE233B00A4EC43 /* Debug */ = {
			isa = XCBuildConfiguration;
			baseConfigurationReference = 80823ED30D59C0AFD82ACD0D /* Pods-A_Category.debug.xcconfig */;
			buildSettings = {
				ASSETCATALOG_COMPILER_APPICON_NAME = AppIcon;
				CODE_SIGN_STYLE = Automatic;
				INFOPLIST_FILE = A_Category/Info.plist;
				LD_RUNPATH_SEARCH_PATHS = "$(inherited) @executable_path/Frameworks";
				PRODUCT_BUNDLE_IDENTIFIER = "com.yixiaojichunqiu.A-Category";
				PRODUCT_NAME = "$(TARGET_NAME)";
				TARGETED_DEVICE_FAMILY = "1,2";
			};
			name = Debug;
		};
		7FEB443A1FDE233B00A4EC43 /* Release */ = {
			isa = XCBuildConfiguration;
			baseConfigurationReference = AC3F7977239179FD246CADC6 /* Pods-A_Category.release.xcconfig */;
			buildSettings = {
				ASSETCATALOG_COMPILER_APPICON_NAME = AppIcon;
				CODE_SIGN_STYLE = Automatic;
				INFOPLIST_FILE = A_Category/Info.plist;
				LD_RUNPATH_SEARCH_PATHS = "$(inherited) @executable_path/Frameworks";
				PRODUCT_BUNDLE_IDENTIFIER = "com.yixiaojichunqiu.A-Category";
				PRODUCT_NAME = "$(TARGET_NAME)";
				TARGETED_DEVICE_FAMILY = "1,2";
			};
			name = Release;
		};
/* End XCBuildConfiguration section */

/* Begin XCConfigurationList section */
		7FEB441D1FDE233B00A4EC43 /* Build configuration list for PBXProject "A_Category" */ = {
			isa = XCConfigurationList;
			buildConfigurations = (
				7FEB44361FDE233B00A4EC43 /* Debug */,
				7FEB44371FDE233B00A4EC43 /* Release */,
			);
			defaultConfigurationIsVisible = 0;
			defaultConfigurationName = Release;
		};
		7FEB44381FDE233B00A4EC43 /* Build configuration list for PBXNativeTarget "A_Category" */ = {
			isa = XCConfigurationList;
			buildConfigurations = (
				7FEB44391FDE233B00A4EC43 /* Debug */,
				7FEB443A1FDE233B00A4EC43 /* Release */,
			);
			defaultConfigurationIsVisible = 0;
			defaultConfigurationName = Release;
		};
/* End XCConfigurationList section */
	};
	rootObject = 7FEB441A1FDE233B00A4EC43 /* Project object */;
}
